
Microsoft Visual Studio Solution File, Format Version 12.00
# Visual Studio Version 16
VisualStudioVersion = 16.0.31613.86
MinimumVisualStudioVersion = 10.0.40219.1
Project("{FAE04EC0-301F-11D3-BF4B-00C04F79EFBC}") = "Miscellanea", "Miscellanea\Miscellanea.csproj", "{EC835627-4CE9-4504-851E-DAC159E634DF}"
EndProject
Project("{FAE04EC0-301F-11D3-BF4B-00C04F79EFBC}") = "CSharp1_0", "CSharp1_0\CSharp1_0.csproj", "{E535CE94-9F6A-4F87-9E32-4321836A8DB9}"
EndProject
Project("{FAE04EC0-301F-11D3-BF4B-00C04F79EFBC}") = "CSharp1_2", "CSharp1_2\CSharp1_2.csproj", "{68EB0D4B-258F-4806-800A-D1B34D44B989}"
EndProject
Project("{FAE04EC0-301F-11D3-BF4B-00C04F79EFBC}") = "CSharp2_0", "CSharp2_0\CSharp2_0.csproj", "{38D6B75B-6E65-453C-A2D1-6DCEFBD48A84}"
EndProject
Project("{FAE04EC0-301F-11D3-BF4B-00C04F79EFBC}") = "CSharp3_0", "CSharp3_0\CSharp3_0.csproj", "{36ACB881-B4B8-4AE7-8977-E0A1C6D2B912}"
EndProject
Project("{FAE04EC0-301F-11D3-BF4B-00C04F79EFBC}") = "CSharp4_0", "CSharp4_0\CSharp4_0.csproj", "{14785EC3-DA9B-4E61-B559-D207B318E165}"
EndProject
Project("{FAE04EC0-301F-11D3-BF4B-00C04F79EFBC}") = "CSharp5_0", "CSharp5_0\CSharp5_0.csproj", "{9E651470-6409-485B-AC99-2D40A8742F47}"
EndProject
Project("{FAE04EC0-301F-11D3-BF4B-00C04F79EFBC}") = "CSharp6_0", "CSharp6_0\CSharp6_0.csproj", "{033F376D-41B7-4249-80C1-2AD4120155EC}"
EndProject
Project("{FAE04EC0-301F-11D3-BF4B-00C04F79EFBC}") = "CSharp7_0", "CSharp7_0\CSharp7_0.csproj", "{27606065-E40B-4FC3-9552-41BD95120A5D}"
EndProject
Project("{FAE04EC0-301F-11D3-BF4B-00C04F79EFBC}") = "CSharp7_1", "CSharp7_1\CSharp7_1.csproj", "{8DE04A72-5BE8-47A3-8123-CC940671FB09}"
EndProject
Project("{FAE04EC0-301F-11D3-BF4B-00C04F79EFBC}") = "CSharp7_2", "CSharp7_2\CSharp7_2.csproj", "{E0B4CF3B-3075-4A1C-A7C2-6D813646E2AD}"
EndProject
Project("{FAE04EC0-301F-11D3-BF4B-00C04F79EFBC}") = "CSharp7_3", "CSharp7_3\CSharp7_3.csproj", "{75C9D3A0-CC34-4B27-95E8-5745007E00CC}"
EndProject
Project("{FAE04EC0-301F-11D3-BF4B-00C04F79EFBC}") = "CSharp8_0", "CSharp8_0\CSharp8_0.csproj", "{B803EA00-5CF3-4D98-8B93-CE4408B06664}"
EndProject
Project("{FAE04EC0-301F-11D3-BF4B-00C04F79EFBC}") = "CSharp9_0", "CSharp9_0\CSharp9_0.csproj", "{6BB498A7-0061-46BE-805A-A4CD4BC0EAC2}"
EndProject
Global
	GlobalSection(SolutionConfigurationPlatforms) = preSolution
		Debug|Any CPU = Debug|Any CPU
		Release|Any CPU = Release|Any CPU
	EndGlobalSection
	GlobalSection(ProjectConfigurationPlatforms) = postSolution
		{EC835627-4CE9-4504-851E-DAC159E634DF}.Debug|Any CPU.ActiveCfg = Debug|Any CPU
		{EC835627-4CE9-4504-851E-DAC159E634DF}.Debug|Any CPU.Build.0 = Debug|Any CPU
		{EC835627-4CE9-4504-851E-DAC159E634DF}.Release|Any CPU.ActiveCfg = Release|Any CPU
		{EC835627-4CE9-4504-851E-DAC159E634DF}.Release|Any CPU.Build.0 = Release|Any CPU
		{E535CE94-9F6A-4F87-9E32-4321836A8DB9}.Debug|Any CPU.ActiveCfg = Debug|Any CPU
		{E535CE94-9F6A-4F87-9E32-4321836A8DB9}.Debug|Any CPU.Build.0 = Debug|Any CPU
		{E535CE94-9F6A-4F87-9E32-4321836A8DB9}.Release|Any CPU.ActiveCfg = Release|Any CPU
		{E535CE94-9F6A-4F87-9E32-4321836A8DB9}.Release|Any CPU.Build.0 = Release|Any CPU
		{68EB0D4B-258F-4806-800A-D1B34D44B989}.Debug|Any CPU.ActiveCfg = Debug|Any CPU
		{68EB0D4B-258F-4806-800A-D1B34D44B989}.Debug|Any CPU.Build.0 = Debug|Any CPU
		{68EB0D4B-258F-4806-800A-D1B34D44B989}.Release|Any CPU.ActiveCfg = Release|Any CPU
		{68EB0D4B-258F-4806-800A-D1B34D44B989}.Release|Any CPU.Build.0 = Release|Any CPU
		{38D6B75B-6E65-453C-A2D1-6DCEFBD48A84}.Debug|Any CPU.ActiveCfg = Debug|Any CPU
		{38D6B75B-6E65-453C-A2D1-6DCEFBD48A84}.Debug|Any CPU.Build.0 = Debug|Any CPU
		{38D6B75B-6E65-453C-A2D1-6DCEFBD48A84}.Release|Any CPU.ActiveCfg = Release|Any CPU
		{38D6B75B-6E65-453C-A2D1-6DCEFBD48A84}.Release|Any CPU.Build.0 = Release|Any CPU
		{36ACB881-B4B8-4AE7-8977-E0A1C6D2B912}.Debug|Any CPU.ActiveCfg = Debug|Any CPU
		{36ACB881-B4B8-4AE7-8977-E0A1C6D2B912}.Debug|Any CPU.Build.0 = Debug|Any CPU
		{36ACB881-B4B8-4AE7-8977-E0A1C6D2B912}.Release|Any CPU.ActiveCfg = Release|Any CPU
		{36ACB881-B4B8-4AE7-8977-E0A1C6D2B912}.Release|Any CPU.Build.0 = Release|Any CPU
		{14785EC3-DA9B-4E61-B559-D207B318E165}.Debug|Any CPU.ActiveCfg = Debug|Any CPU
		{14785EC3-DA9B-4E61-B559-D207B318E165}.Debug|Any CPU.Build.0 = Debug|Any CPU
		{14785EC3-DA9B-4E61-B559-D207B318E165}.Release|Any CPU.ActiveCfg = Release|Any CPU
		{14785EC3-DA9B-4E61-B559-D207B318E165}.Release|Any CPU.Build.0 = Release|Any CPU
		{9E651470-6409-485B-AC99-2D40A8742F47}.Debug|Any CPU.ActiveCfg = Debug|Any CPU
		{9E651470-6409-485B-AC99-2D40A8742F47}.Debug|Any CPU.Build.0 = Debug|Any CPU
		{9E651470-6409-485B-AC99-2D40A8742F47}.Release|Any CPU.ActiveCfg = Release|Any CPU
		{9E651470-6409-485B-AC99-2D40A8742F47}.Release|Any CPU.Build.0 = Release|Any CPU
		{033F376D-41B7-4249-80C1-2AD4120155EC}.Debug|Any CPU.ActiveCfg = Debug|Any CPU
		{033F376D-41B7-4249-80C1-2AD4120155EC}.Debug|Any CPU.Build.0 = Debug|Any CPU
		{033F376D-41B7-4249-80C1-2AD4120155EC}.Release|Any CPU.ActiveCfg = Release|Any CPU
		{033F376D-41B7-4249-80C1-2AD4120155EC}.Release|Any CPU.Build.0 = Release|Any CPU
		{27606065-E40B-4FC3-9552-41BD95120A5D}.Debug|Any CPU.ActiveCfg = Debug|Any CPU
		{27606065-E40B-4FC3-9552-41BD95120A5D}.Debug|Any CPU.Build.0 = Debug|Any CPU
		{27606065-E40B-4FC3-9552-41BD95120A5D}.Release|Any CPU.ActiveCfg = Release|Any CPU
		{27606065-E40B-4FC3-9552-41BD95120A5D}.Release|Any CPU.Build.0 = Release|Any CPU
		{8DE04A72-5BE8-47A3-8123-CC940671FB09}.Debug|Any CPU.ActiveCfg = Debug|Any CPU
		{8DE04A72-5BE8-47A3-8123-CC940671FB09}.Debug|Any CPU.Build.0 = Debug|Any CPU
		{8DE04A72-5BE8-47A3-8123-CC940671FB09}.Release|Any CPU.ActiveCfg = Release|Any CPU
		{8DE04A72-5BE8-47A3-8123-CC940671FB09}.Release|Any CPU.Build.0 = Release|Any CPU
		{E0B4CF3B-3075-4A1C-A7C2-6D813646E2AD}.Debug|Any CPU.ActiveCfg = Debug|Any CPU
		{E0B4CF3B-3075-4A1C-A7C2-6D813646E2AD}.Debug|Any CPU.Build.0 = Debug|Any CPU
		{E0B4CF3B-3075-4A1C-A7C2-6D813646E2AD}.Release|Any CPU.ActiveCfg = Release|Any CPU
		{E0B4CF3B-3075-4A1C-A7C2-6D813646E2AD}.Release|Any CPU.Build.0 = Release|Any CPU
		{75C9D3A0-CC34-4B27-95E8-5745007E00CC}.Debug|Any CPU.ActiveCfg = Debug|Any CPU
		{75C9D3A0-CC34-4B27-95E8-5745007E00CC}.Debug|Any CPU.Build.0 = Debug|Any CPU
		{75C9D3A0-CC34-4B27-95E8-5745007E00CC}.Release|Any CPU.ActiveCfg = Release|Any CPU
		{75C9D3A0-CC34-4B27-95E8-5745007E00CC}.Release|Any CPU.Build.0 = Release|Any CPU
		{B803EA00-5CF3-4D98-8B93-CE4408B06664}.Debug|Any CPU.ActiveCfg = Debug|Any CPU
		{B803EA00-5CF3-4D98-8B93-CE4408B06664}.Debug|Any CPU.Build.0 = Debug|Any CPU
		{B803EA00-5CF3-4D98-8B93-CE4408B06664}.Release|Any CPU.ActiveCfg = Release|Any CPU
		{B803EA00-5CF3-4D98-8B93-CE4408B06664}.Release|Any CPU.Build.0 = Release|Any CPU
		{6BB498A7-0061-46BE-805A-A4CD4BC0EAC2}.Debug|Any CPU.ActiveCfg = Debug|Any CPU
		{6BB498A7-0061-46BE-805A-A4CD4BC0EAC2}.Debug|Any CPU.Build.0 = Debug|Any CPU
		{6BB498A7-0061-46BE-805A-A4CD4BC0EAC2}.Release|Any CPU.ActiveCfg = Release|Any CPU
		{6BB498A7-0061-46BE-805A-A4CD4BC0EAC2}.Release|Any CPU.Build.0 = Release|Any CPU
	EndGlobalSection
	GlobalSection(SolutionProperties) = preSolution
		HideSolutionNode = FALSE
	EndGlobalSection
	GlobalSection(ExtensibilityGlobals) = postSolution
		SolutionGuid = {6FE3B906-3BED-4FE9-B7A2-67005B4D4B8B}
	EndGlobalSection
EndGlobal
